// !$*UTF8*$!
{
	archiveVersion = 1;
	classes = {
	};
	objectVersion = 56;
	objects = {

/* Begin PBXBuildFile section */
		CC5842852DA92CD60099D712 /* MainView.swift in Sources */ = {isa = PBXBuildFile; fileRef = CC5842842DA92CD60099D712 /* MainView.swift */; };
		CC5842872DA93B8B0099D712 /* CheckoutView.swift in Sources */ = {isa = PBXBuildFile; fileRef = CC5842862DA93B8B0099D712 /* CheckoutView.swift */; };
		CC5BAF8D2DA8505D0077E504 /* OrderView.swift in Sources */ = {isa = PBXBuildFile; fileRef = CC5BAF8C2DA8505D0077E504 /* OrderView.swift */; };
		CC72E09B2DA6F29100574C94 /* ItemDetail.swift in Sources */ = {isa = PBXBuildFile; fileRef = CC72E09A2DA6F29100574C94 /* ItemDetail.swift */; };
		CCF5FBB92DA6B02400E64799 /* iDineApp.swift in Sources */ = {isa = PBXBuildFile; fileRef = CCF5FBB82DA6B02400E64799 /* iDineApp.swift */; };
		CCF5FBBB2DA6B02400E64799 /* ContentView.swift in Sources */ = {isa = PBXBuildFile; fileRef = CCF5FBBA2DA6B02400E64799 /* ContentView.swift */; };
		CCF5FBBD2DA6B02600E64799 /* Assets.xcassets in Resources */ = {isa = PBXBuildFile; fileRef = CCF5FBBC2DA6B02600E64799 /* Assets.xcassets */; };
		CCF5FBC02DA6B02600E64799 /* Preview Assets.xcassets in Resources */ = {isa = PBXBuildFile; fileRef = CCF5FBBF2DA6B02600E64799 /* Preview Assets.xcassets */; };
		CCF5FBC72DA6B09900E64799 /* Helper.swift in Sources */ = {isa = PBXBuildFile; fileRef = CCF5FBC62DA6B09900E64799 /* Helper.swift */; };
		CCF5FBCB2DA6B14B00E64799 /* Menu.swift in Sources */ = {isa = PBXBuildFile; fileRef = CCF5FBC82DA6B14B00E64799 /* Menu.swift */; };
		CCF5FBCC2DA6B14B00E64799 /* Order.swift in Sources */ = {isa = PBXBuildFile; fileRef = CCF5FBC92DA6B14B00E64799 /* Order.swift */; };
		CCF5FBCD2DA6B14B00E64799 /* menu.json in Resources */ = {isa = PBXBuildFile; fileRef = CCF5FBCA2DA6B14B00E64799 /* menu.json */; };
		CCF5FBCF2DA6BA3200E64799 /* ItemRow.swift in Sources */ = {isa = PBXBuildFile; fileRef = CCF5FBCE2DA6BA3200E64799 /* ItemRow.swift */; };
/* End PBXBuildFile section */

/* Begin PBXFileReference section */
		CC5842842DA92CD60099D712 /* MainView.swift */ = {isa = PBXFileReference; lastKnownFileType = sourcecode.swift; path = MainView.swift; sourceTree = "<group>"; };
		CC5842862DA93B8B0099D712 /* CheckoutView.swift */ = {isa = PBXFileReference; lastKnownFileType = sourcecode.swift; path = CheckoutView.swift; sourceTree = "<group>"; };
		CC5BAF8C2DA8505D0077E504 /* OrderView.swift */ = {isa = PBXFileReference; lastKnownFileType = sourcecode.swift; path = OrderView.swift; sourceTree = "<group>"; };
		CC72E09A2DA6F29100574C94 /* ItemDetail.swift */ = {isa = PBXFileReference; lastKnownFileType = sourcecode.swift; path = ItemDetail.swift; sourceTree = "<group>"; };
		CCF5FBB52DA6B02400E64799 /* iDine.app */ = {isa = PBXFileReference; explicitFileType = wrapper.application; includeInIndex = 0; path = iDine.app; sourceTree = BUILT_PRODUCTS_DIR; };
		CCF5FBB82DA6B02400E64799 /* iDineApp.swift */ = {isa = PBXFileReference; lastKnownFileType = sourcecode.swift; path = iDineApp.swift; sourceTree = "<group>"; };
		CCF5FBBA2DA6B02400E64799 /* ContentView.swift */ = {isa = PBXFileReference; lastKnownFileType = sourcecode.swift; path = ContentView.swift; sourceTree = "<group>"; };
		CCF5FBBC2DA6B02600E64799 /* Assets.xcassets */ = {isa = PBXFileReference; lastKnownFileType = folder.assetcatalog; path = Assets.xcassets; sourceTree = "<group>"; };
		CCF5FBBF2DA6B02600E64799 /* Preview Assets.xcassets */ = {isa = PBXFileReference; lastKnownFileType = folder.assetcatalog; path = "Preview Assets.xcassets"; sourceTree = "<group>"; };
		CCF5FBC62DA6B09900E64799 /* Helper.swift */ = {isa = PBXFileReference; fileEncoding = 4; lastKnownFileType = sourcecode.swift; path = Helper.swift; sourceTree = "<group>"; };
		CCF5FBC82DA6B14B00E64799 /* Menu.swift */ = {isa = PBXFileReference; fileEncoding = 4; lastKnownFileType = sourcecode.swift; path = Menu.swift; sourceTree = "<group>"; };
		CCF5FBC92DA6B14B00E64799 /* Order.swift */ = {isa = PBXFileReference; fileEncoding = 4; lastKnownFileType = sourcecode.swift; path = Order.swift; sourceTree = "<group>"; };
		CCF5FBCA2DA6B14B00E64799 /* menu.json */ = {isa = PBXFileReference; fileEncoding = 4; lastKnownFileType = text.json; path = menu.json; sourceTree = "<group>"; };
		CCF5FBCE2DA6BA3200E64799 /* ItemRow.swift */ = {isa = PBXFileReference; lastKnownFileType = sourcecode.swift; path = ItemRow.swift; sourceTree = "<group>"; };
/* End PBXFileReference section */

/* Begin PBXFrameworksBuildPhase section */
		CCF5FBB22DA6B02400E64799 /* Frameworks */ = {
			isa = PBXFrameworksBuildPhase;
			buildActionMask = 2147483647;
			files = (
			);
			runOnlyForDeploymentPostprocessing = 0;
		};
/* End PBXFrameworksBuildPhase section */

/* Begin PBXGroup section */
		CCF5FBAC2DA6B02400E64799 = {
			isa = PBXGroup;
			children = (
				CCF5FBB72DA6B02400E64799 /* iDine */,
				CCF5FBB62DA6B02400E64799 /* Products */,
			);
			sourceTree = "<group>";
		};
		CCF5FBB62DA6B02400E64799 /* Products */ = {
			isa = PBXGroup;
			children = (
				CCF5FBB52DA6B02400E64799 /* iDine.app */,
			);
			name = Products;
			sourceTree = "<group>";
		};
		CCF5FBB72DA6B02400E64799 /* iDine */ = {
			isa = PBXGroup;
			children = (
				CCF5FBC62DA6B09900E64799 /* Helper.swift */,
				CCF5FBB82DA6B02400E64799 /* iDineApp.swift */,
				CCF5FBC82DA6B14B00E64799 /* Menu.swift */,
				CCF5FBC92DA6B14B00E64799 /* Order.swift */,
				CCF5FBCA2DA6B14B00E64799 /* menu.json */,
				CCF5FBBA2DA6B02400E64799 /* ContentView.swift */,
				CCF5FBBC2DA6B02600E64799 /* Assets.xcassets */,
				CCF5FBBE2DA6B02600E64799 /* Preview Content */,
				CCF5FBCE2DA6BA3200E64799 /* ItemRow.swift */,
				CC72E09A2DA6F29100574C94 /* ItemDetail.swift */,
				CC5BAF8C2DA8505D0077E504 /* OrderView.swift */,
				CC5842842DA92CD60099D712 /* MainView.swift */,
				CC5842862DA93B8B0099D712 /* CheckoutView.swift */,
			);
			path = iDine;
			sourceTree = "<group>";
		};
		CCF5FBBE2DA6B02600E64799 /* Preview Content */ = {
			isa = PBXGroup;
			children = (
				CCF5FBBF2DA6B02600E64799 /* Preview Assets.xcassets */,
			);
			path = "Preview Content";
			sourceTree = "<group>";
		};
/* End PBXGroup section */

/* Begin PBXNativeTarget section */
		CCF5FBB42DA6B02400E64799 /* iDine */ = {
			isa = PBXNativeTarget;
			buildConfigurationList = CCF5FBC32DA6B02600E64799 /* Build configuration list for PBXNativeTarget "iDine" */;
			buildPhases = (
				CCF5FBB12DA6B02400E64799 /* Sources */,
				CCF5FBB22DA6B02400E64799 /* Frameworks */,
				CCF5FBB32DA6B02400E64799 /* Resources */,
			);
			buildRules = (
			);
			dependencies = (
			);
			name = iDine;
			productName = iDine;
			productReference = CCF5FBB52DA6B02400E64799 /* iDine.app */;
			productType = "com.apple.product-type.application";
		};
/* End PBXNativeTarget section */

/* Begin PBXProject section */
		CCF5FBAD2DA6B02400E64799 /* Project object */ = {
			isa = PBXProject;
			attributes = {
				BuildIndependentTargetsInParallel = 1;
				LastSwiftUpdateCheck = 1420;
				LastUpgradeCheck = 1420;
				TargetAttributes = {
					CCF5FBB42DA6B02400E64799 = {
						CreatedOnToolsVersion = 14.2;
					};
				};
			};
			buildConfigurationList = CCF5FBB02DA6B02400E64799 /* Build configuration list for PBXProject "iDine" */;
			compatibilityVersion = "Xcode 14.0";
			developmentRegion = en;
			hasScannedForEncodings = 0;
			knownRegions = (
				en,
				Base,
			);
			mainGroup = CCF5FBAC2DA6B02400E64799;
			productRefGroup = CCF5FBB62DA6B02400E64799 /* Products */;
			projectDirPath = "";
			projectRoot = "";
			targets = (
				CCF5FBB42DA6B02400E64799 /* iDine */,
			);
		};
/* End PBXProject section */

/* Begin PBXResourcesBuildPhase section */
		CCF5FBB32DA6B02400E64799 /* Resources */ = {
			isa = PBXResourcesBuildPhase;
			buildActionMask = 2147483647;
			files = (
				CCF5FBCD2DA6B14B00E64799 /* menu.json in Resources */,
				CCF5FBC02DA6B02600E64799 /* Preview Assets.xcassets in Resources */,
				CCF5FBBD2DA6B02600E64799 /* Assets.xcassets in Resources */,
			);
			runOnlyForDeploymentPostprocessing = 0;
		};
/* End PBXResourcesBuildPhase section */

/* Begin PBXSourcesBuildPhase section */
		CCF5FBB12DA6B02400E64799 /* Sources */ = {
			isa = PBXSourcesBuildPhase;
			buildActionMask = 2147483647;
			files = (
				CC72E09B2DA6F29100574C94 /* ItemDetail.swift in Sources */,
				CC5842852DA92CD60099D712 /* MainView.swift in Sources */,
				CC5842872DA93B8B0099D712 /* CheckoutView.swift in Sources */,
				CC5BAF8D2DA8505D0077E504 /* OrderView.swift in Sources */,
				CCF5FBBB2DA6B02400E64799 /* ContentView.swift in Sources */,
				CCF5FBB92DA6B02400E64799 /* iDineApp.swift in Sources */,
				CCF5FBCC2DA6B14B00E64799 /* Order.swift in Sources */,
				CCF5FBCF2DA6BA3200E64799 /* ItemRow.swift in Sources */,
				CCF5FBCB2DA6B14B00E64799 /* Menu.swift in Sources */,
				CCF5FBC72DA6B09900E64799 /* Helper.swift in Sources */,
			);
			runOnlyForDeploymentPostprocessing = 0;
		};
/* End PBXSourcesBuildPhase section */

/* Begin XCBuildConfiguration section */
		CCF5FBC12DA6B02600E64799 /* Debug */ = {
			isa = XCBuildConfiguration;
			buildSettings = {
				ALWAYS_SEARCH_USER_PATHS = NO;
				CLANG_ANALYZER_NONNULL = YES;
				CLANG_ANALYZER_NUMBER_OBJECT_CONVERSION = YES_AGGRESSIVE;
				CLANG_CXX_LANGUAGE_STANDARD = "gnu++20";
				CLANG_ENABLE_MODULES = YES;
				CLANG_ENABLE_OBJC_ARC = YES;
				CLANG_ENABLE_OBJC_WEAK = YES;
				CLANG_WARN_BLOCK_CAPTURE_AUTORELEASING = YES;
				CLANG_WARN_BOOL_CONVERSION = YES;
				CLANG_WARN_COMMA = YES;
				CLANG_WARN_CONSTANT_CONVERSION = YES;
				CLANG_WARN_DEPRECATED_OBJC_IMPLEMENTATIONS = YES;
				CLANG_WARN_DIRECT_OBJC_ISA_USAGE = YES_ERROR;
				CLANG_WARN_DOCUMENTATION_COMMENTS = YES;
				CLANG_WARN_EMPTY_BODY = YES;
				CLANG_WARN_ENUM_CONVERSION = YES;
				CLANG_WARN_INFINITE_RECURSION = YES;
				CLANG_WARN_INT_CONVERSION = YES;
				CLANG_WARN_NON_LITERAL_NULL_CONVERSION = YES;
				CLANG_WARN_OBJC_IMPLICIT_RETAIN_SELF = YES;
				CLANG_WARN_OBJC_LITERAL_CONVERSION = YES;
				CLANG_WARN_OBJC_ROOT_CLASS = YES_ERROR;
				CLANG_WARN_QUOTED_INCLUDE_IN_FRAMEWORK_HEADER = YES;
				CLANG_WARN_RANGE_LOOP_ANALYSIS = YES;
				CLANG_WARN_STRICT_PROTOTYPES = YES;
				CLANG_WARN_SUSPICIOUS_MOVE = YES;
				CLANG_WARN_UNGUARDED_AVAILABILITY = YES_AGGRESSIVE;
				CLANG_WARN_UNREACHABLE_CODE = YES;
				CLANG_WARN__DUPLICATE_METHOD_MATCH = YES;
				COPY_PHASE_STRIP = NO;
				DEBUG_INFORMATION_FORMAT = dwarf;
				ENABLE_STRICT_OBJC_MSGSEND = YES;
				ENABLE_TESTABILITY = YES;
				GCC_C_LANGUAGE_STANDARD = gnu11;
				GCC_DYNAMIC_NO_PIC = NO;
				GCC_NO_COMMON_BLOCKS = YES;
				GCC_OPTIMIZATION_LEVEL = 0;
				GCC_PREPROCESSOR_DEFINITIONS = (
					"DEBUG=1",
					"$(inherited)",
				);
				GCC_WARN_64_TO_32_BIT_CONVERSION = YES;
				GCC_WARN_ABOUT_RETURN_TYPE = YES_ERROR;
				GCC_WARN_UNDECLARED_SELECTOR = YES;
				GCC_WARN_UNINITIALIZED_AUTOS = YES_AGGRESSIVE;
				GCC_WARN_UNUSED_FUNCTION = YES;
				GCC_WARN_UNUSED_VARIABLE = YES;
				IPHONEOS_DEPLOYMENT_TARGET = 16.2;
				MTL_ENABLE_DEBUG_INFO = INCLUDE_SOURCE;
				MTL_FAST_MATH = YES;
				ONLY_ACTIVE_ARCH = YES;
				SDKROOT = iphoneos;
				SWIFT_ACTIVE_COMPILATION_CONDITIONS = DEBUG;
				SWIFT_OPTIMIZATION_LEVEL = "-Onone";
			};
			name = Debug;
		};
		CCF5FBC22DA6B02600E64799 /* Release */ = {
			isa = XCBuildConfiguration;
			buildSettings = {
				ALWAYS_SEARCH_USER_PATHS = NO;
				CLANG_ANALYZER_NONNULL = YES;
				CLANG_ANALYZER_NUMBER_OBJECT_CONVERSION = YES_AGGRESSIVE;
				CLANG_CXX_LANGUAGE_STANDARD = "gnu++20";
				CLANG_ENABLE_MODULES = YES;
				CLANG_ENABLE_OBJC_ARC = YES;
				CLANG_ENABLE_OBJC_WEAK = YES;
				CLANG_WARN_BLOCK_CAPTURE_AUTORELEASING = YES;
				CLANG_WARN_BOOL_CONVERSION = YES;
				CLANG_WARN_COMMA = YES;
				CLANG_WARN_CONSTANT_CONVERSION = YES;
				CLANG_WARN_DEPRECATED_OBJC_IMPLEMENTATIONS = YES;
				CLANG_WARN_DIRECT_OBJC_ISA_USAGE = YES_ERROR;
				CLANG_WARN_DOCUMENTATION_COMMENTS = YES;
				CLANG_WARN_EMPTY_BODY = YES;
				CLANG_WARN_ENUM_CONVERSION = YES;
				CLANG_WARN_INFINITE_RECURSION = YES;
				CLANG_WARN_INT_CONVERSION = YES;
				CLANG_WARN_NON_LITERAL_NULL_CONVERSION = YES;
				CLANG_WARN_OBJC_IMPLICIT_RETAIN_SELF = YES;
				CLANG_WARN_OBJC_LITERAL_CONVERSION = YES;
				CLANG_WARN_OBJC_ROOT_CLASS = YES_ERROR;
				CLANG_WARN_QUOTED_INCLUDE_IN_FRAMEWORK_HEADER = YES;
				CLANG_WARN_RANGE_LOOP_ANALYSIS = YES;
				CLANG_WARN_STRICT_PROTOTYPES = YES;
				CLANG_WARN_SUSPICIOUS_MOVE = YES;
				CLANG_WARN_UNGUARDED_AVAILABILITY = YES_AGGRESSIVE;
				CLANG_WARN_UNREACHABLE_CODE = YES;
				CLANG_WARN__DUPLICATE_METHOD_MATCH = YES;
				COPY_PHASE_STRIP = NO;
				DEBUG_INFORMATION_FORMAT = "dwarf-with-dsym";
				ENABLE_NS_ASSERTIONS = NO;
				ENABLE_STRICT_OBJC_MSGSEND = YES;
				GCC_C_LANGUAGE_STANDARD = gnu11;
				GCC_NO_COMMON_BLOCKS = YES;
				GCC_WARN_64_TO_32_BIT_CONVERSION = YES;
				GCC_WARN_ABOUT_RETURN_TYPE = YES_ERROR;
				GCC_WARN_UNDECLARED_SELECTOR = YES;
				GCC_WARN_UNINITIALIZED_AUTOS = YES_AGGRESSIVE;
				GCC_WARN_UNUSED_FUNCTION = YES;
				GCC_WARN_UNUSED_VARIABLE = YES;
				IPHONEOS_DEPLOYMENT_TARGET = 16.2;
				MTL_ENABLE_DEBUG_INFO = NO;
				MTL_FAST_MATH = YES;
				SDKROOT = iphoneos;
				SWIFT_COMPILATION_MODE = wholemodule;
				SWIFT_OPTIMIZATION_LEVEL = "-O";
				VALIDATE_PRODUCT = YES;
			};
			name = Release;
		};
		CCF5FBC42DA6B02600E64799 /* Debug */ = {
			isa = XCBuildConfiguration;
			buildSettings = {
				ASSETCATALOG_COMPILER_APPICON_NAME = AppIcon;
				ASSETCATALOG_COMPILER_GLOBAL_ACCENT_COLOR_NAME = AccentColor;
				CODE_SIGN_STYLE = Automatic;
				CURRENT_PROJECT_VERSION = 1;
				DEVELOPMENT_ASSET_PATHS = "\"iDine/Preview Content\"";
				ENABLE_PREVIEWS = YES;
				GENERATE_INFOPLIST_FILE = YES;
				INFOPLIST_KEY_UIApplicationSceneManifest_Generation = YES;
				INFOPLIST_KEY_UIApplicationSupportsIndirectInputEvents = YES;
				INFOPLIST_KEY_UILaunchScreen_Generation = YES;
				INFOPLIST_KEY_UISupportedInterfaceOrientations_iPad = "UIInterfaceOrientationPortrait UIInterfaceOrientationPortraitUpsideDown UIInterfaceOrientationLandscapeLeft UIInterfaceOrientationLandscapeRight";
				INFOPLIST_KEY_UISupportedInterfaceOrientations_iPhone = "UIInterfaceOrientationPortrait UIInterfaceOrientationLandscapeLeft UIInterfaceOrientationLandscapeRight";
				LD_RUNPATH_SEARCH_PATHS = (
					"$(inherited)",
					"@executable_path/Frameworks",
				);
				MARKETING_VERSION = 1.0;
				PRODUCT_BUNDLE_IDENTIFIER = com.vova.iDine;
				PRODUCT_NAME = "$(TARGET_NAME)";
				SWIFT_EMIT_LOC_STRINGS = YES;
				SWIFT_VERSION = 5.0;
				TARGETED_DEVICE_FAMILY = "1,2";
			};
			name = Debug;
		};
		CCF5FBC52DA6B02600E64799 /* Release */ = {
			isa = XCBuildConfiguration;
			buildSettings = {
				ASSETCATALOG_COMPILER_APPICON_NAME = AppIcon;
				ASSETCATALOG_COMPILER_GLOBAL_ACCENT_COLOR_NAME = AccentColor;
				CODE_SIGN_STYLE = Automatic;
				CURRENT_PROJECT_VERSION = 1;
				DEVELOPMENT_ASSET_PATHS = "\"iDine/Preview Content\"";
				ENABLE_PREVIEWS = YES;
				GENERATE_INFOPLIST_FILE = YES;
				INFOPLIST_KEY_UIApplicationSceneManifest_Generation = YES;
				INFOPLIST_KEY_UIApplicationSupportsIndirectInputEvents = YES;
				INFOPLIST_KEY_UILaunchScreen_Generation = YES;
				INFOPLIST_KEY_UISupportedInterfaceOrientations_iPad = "UIInterfaceOrientationPortrait UIInterfaceOrientationPortraitUpsideDown UIInterfaceOrientationLandscapeLeft UIInterfaceOrientationLandscapeRight";
				INFOPLIST_KEY_UISupportedInterfaceOrientations_iPhone = "UIInterfaceOrientationPortrait UIInterfaceOrientationLandscapeLeft UIInterfaceOrientationLandscapeRight";
				LD_RUNPATH_SEARCH_PATHS = (
					"$(inherited)",
					"@executable_path/Frameworks",
				);
				MARKETING_VERSION = 1.0;
				PRODUCT_BUNDLE_IDENTIFIER = com.vova.iDine;
				PRODUCT_NAME = "$(TARGET_NAME)";
				SWIFT_EMIT_LOC_STRINGS = YES;
				SWIFT_VERSION = 5.0;
				TARGETED_DEVICE_FAMILY = "1,2";
			};
			name = Release;
		};
/* End XCBuildConfiguration section */

/* Begin XCConfigurationList section */
		CCF5FBB02DA6B02400E64799 /* Build configuration list for PBXProject "iDine" */ = {
			isa = XCConfigurationList;
			buildConfigurations = (
				CCF5FBC12DA6B02600E64799 /* Debug */,
				CCF5FBC22DA6B02600E64799 /* Release */,
			);
			defaultConfigurationIsVisible = 0;
			defaultConfigurationName = Release;
		};
		CCF5FBC32DA6B02600E64799 /* Build configuration list for PBXNativeTarget "iDine" */ = {
			isa = XCConfigurationList;
			buildConfigurations = (
				CCF5FBC42DA6B02600E64799 /* Debug */,
				CCF5FBC52DA6B02600E64799 /* Release */,
			);
			defaultConfigurationIsVisible = 0;
			defaultConfigurationName = Release;
		};
/* End XCConfigurationList section */
	};
	rootObject = CCF5FBAD2DA6B02400E64799 /* Project object */;
}
